
Microsoft Visual Studio Solution File, Format Version 12.00
# Visual Studio Version 17
VisualStudioVersion = 17.9.34701.34
MinimumVisualStudioVersion = 10.0.40219.1
Project("{FAE04EC0-301F-11D3-BF4B-00C04F79EFBC}") = "ReportService.Api", "ReportService.Api\ReportService.Api.csproj", "{5C7948A4-7E24-4EA5-A332-4575D3AEE3F9}"
EndProject
Project("{E53339B2-1760-4266-BCC7-CA923CBCF16C}") = "docker-compose", "docker-compose.dcproj", "{CA15DC22-7436-417C-A7FF-C0A8C6BCAA71}"
EndProject
Project("{FAE04EC0-301F-11D3-BF4B-00C04F79EFBC}") = "ReportService.Consumer", "ReportService.Consumer\ReportService.Consumer.csproj", "{1FEBAEA1-4E42-4913-9EDB-63CB214FC626}"
EndProject
Global
	GlobalSection(SolutionConfigurationPlatforms) = preSolution
		Debug|Any CPU = Debug|Any CPU
		Release|Any CPU = Release|Any CPU
	EndGlobalSection
	GlobalSection(ProjectConfigurationPlatforms) = postSolution
		{5C7948A4-7E24-4EA5-A332-4575D3AEE3F9}.Debug|Any CPU.ActiveCfg = Debug|Any CPU
		{5C7948A4-7E24-4EA5-A332-4575D3AEE3F9}.Debug|Any CPU.Build.0 = Debug|Any CPU
		{5C7948A4-7E24-4EA5-A332-4575D3AEE3F9}.Release|Any CPU.ActiveCfg = Release|Any CPU
		{5C7948A4-7E24-4EA5-A332-4575D3AEE3F9}.Release|Any CPU.Build.0 = Release|Any CPU
		{CA15DC22-7436-417C-A7FF-C0A8C6BCAA71}.Debug|Any CPU.ActiveCfg = Debug|Any CPU
		{CA15DC22-7436-417C-A7FF-C0A8C6BCAA71}.Debug|Any CPU.Build.0 = Debug|Any CPU
		{CA15DC22-7436-417C-A7FF-C0A8C6BCAA71}.Release|Any CPU.ActiveCfg = Release|Any CPU
		{CA15DC22-7436-417C-A7FF-C0A8C6BCAA71}.Release|Any CPU.Build.0 = Release|Any CPU
		{1FEBAEA1-4E42-4913-9EDB-63CB214FC626}.Debug|Any CPU.ActiveCfg = Debug|Any CPU
		{1FEBAEA1-4E42-4913-9EDB-63CB214FC626}.Debug|Any CPU.Build.0 = Debug|Any CPU
		{1FEBAEA1-4E42-4913-9EDB-63CB214FC626}.Release|Any CPU.ActiveCfg = Release|Any CPU
		{1FEBAEA1-4E42-4913-9EDB-63CB214FC626}.Release|Any CPU.Build.0 = Release|Any CPU
	EndGlobalSection
	GlobalSection(SolutionProperties) = preSolution
		HideSolutionNode = FALSE
	EndGlobalSection
	GlobalSection(ExtensibilityGlobals) = postSolution
		SolutionGuid = {6FE8734C-3BF8-4485-AADA-90ED180657F7}
	EndGlobalSection
EndGlobal
